
Microsoft Visual Studio Solution File, Format Version 12.00
# Visual Studio Version 17
VisualStudioVersion = 17.9.34902.65
MinimumVisualStudioVersion = 10.0.40219.1
Project("{FAE04EC0-301F-11D3-BF4B-00C04F79EFBC}") = "Biblioconecta", "Biblioconecta.csproj", "{1AE8E52C-CD11-42BE-B952-37769600EFBD}"
EndProject
Global
	GlobalSection(SolutionConfigurationPlatforms) = preSolution
		Debug|Any CPU = Debug|Any CPU
		Release|Any CPU = Release|Any CPU
	EndGlobalSection
	GlobalSection(ProjectConfigurationPlatforms) = postSolution
		{1AE8E52C-CD11-42BE-B952-37769600EFBD}.Debug|Any CPU.ActiveCfg = Debug|Any CPU
		{1AE8E52C-CD11-42BE-B952-37769600EFBD}.Debug|Any CPU.Build.0 = Debug|Any CPU
		{1AE8E52C-CD11-42BE-B952-37769600EFBD}.Debug|Any CPU.Deploy.0 = Debug|Any CPU
		{1AE8E52C-CD11-42BE-B952-37769600EFBD}.Release|Any CPU.ActiveCfg = Release|Any CPU
		{1AE8E52C-CD11-42BE-B952-37769600EFBD}.Release|Any CPU.Build.0 = Release|Any CPU
		{1AE8E52C-CD11-42BE-B952-37769600EFBD}.Release|Any CPU.Deploy.0 = Release|Any CPU
	EndGlobalSection
	GlobalSection(SolutionProperties) = preSolution
		HideSolutionNode = FALSE
	EndGlobalSection
	GlobalSection(ExtensibilityGlobals) = postSolution
		SolutionGuid = {4D2F17E1-7037-4DFA-8227-0308C16745C4}
	EndGlobalSection
EndGlobal
